{
  "name": "igem26",
  "version": "1.0.0",
  "lockfileVersion": 3,
  "requires": true,
  "packages": {
    "": {
      "name": "igem26",
      "version": "1.0.0",
      "license": "ISC",
      "dependencies": {
        "jquery": "^3.7.1",
        "mathjax": "^4.1.0"
      },
      "devDependencies": {}
    },
    "node_modules/@mathjax/mathjax-newcm-font": {
      "version": "4.1.0",
      "resolved": "https://registry.npmjs.org/@mathjax/mathjax-newcm-font/-/mathjax-newcm-font-4.1.0.tgz",
      "integrity": "sha512-n10AwYubUa2hyOzxSRzkwRrgCVns083zkentryXICMPKaWT/watfvK2sUk5D9Bow9mpDfoqb5EWApuUvqnlzaw==",
      "license": "Apache-2.0"
    },
    "node_modules/jquery": {
      "version": "3.7.1",
      "resolved": "https://registry.npmjs.org/jquery/-/jquery-3.7.1.tgz",
      "integrity": "sha512-m4avr8yL8kmFN8psrbFFFmB/If14iN5o9nw/NgnnM+kybDJpRsAynV2BsfpTYrTRysYUdADVD7CkUUizgkpLfg==",
      "license": "MIT"
    },
    "node_modules/mathjax": {
      "version": "4.1.0",
      "resolved": "https://registry.npmjs.org/mathjax/-/mathjax-4.1.0.tgz",
      "integrity": "sha512-53eDXzxk40pS2sdI6KDCPoreY95ADaGygbi41ExKmn3FYQ+QIdpquIU90eppecelzQjf74kpScyeplVPccnIJw==",
      "license": "Apache-2.0",
      "dependencies": {
        "@mathjax/mathjax-newcm-font": "^4.1.0"
      }
    }
  }
}
